// !$*UTF8*$!
{
	archiveVersion = 1;
	classes = {
	};
	objectVersion = 56;
	objects = {

/* Begin PBXBuildFile section */
		185388142B557CD5000BCC6A /* AppDelegate.swift in Sources */ = {isa = PBXBuildFile; fileRef = 185388132B557CD5000BCC6A /* AppDelegate.swift */; };
		185388162B557CD5000BCC6A /* SceneDelegate.swift in Sources */ = {isa = PBXBuildFile; fileRef = 185388152B557CD5000BCC6A /* SceneDelegate.swift */; };
		1853881D2B557CD8000BCC6A /* Assets.xcassets in Resources */ = {isa = PBXBuildFile; fileRef = 1853881C2B557CD8000BCC6A /* Assets.xcassets */; };
		185388202B557CD8000BCC6A /* LaunchScreen.storyboard in Resources */ = {isa = PBXBuildFile; fileRef = 1853881E2B557CD8000BCC6A /* LaunchScreen.storyboard */; };
		1853882C2B557F5A000BCC6A /* WelcomeVC.swift in Sources */ = {isa = PBXBuildFile; fileRef = 1853882B2B557F5A000BCC6A /* WelcomeVC.swift */; };
		1853882E2B557F60000BCC6A /* WelcomeView.swift in Sources */ = {isa = PBXBuildFile; fileRef = 1853882D2B557F60000BCC6A /* WelcomeView.swift */; };
		185388392B5580E0000BCC6A /* Mont-Bold.ttf in Resources */ = {isa = PBXBuildFile; fileRef = 185388362B5580DF000BCC6A /* Mont-Bold.ttf */; };
		1853883A2B5580E0000BCC6A /* Mont-SemiBold.ttf in Resources */ = {isa = PBXBuildFile; fileRef = 185388372B5580E0000BCC6A /* Mont-SemiBold.ttf */; };
		1853883B2B5580E0000BCC6A /* Mont-Regular.ttf in Resources */ = {isa = PBXBuildFile; fileRef = 185388382B5580E0000BCC6A /* Mont-Regular.ttf */; };
		1853883D2B5581C9000BCC6A /* TabBarRootController.swift in Sources */ = {isa = PBXBuildFile; fileRef = 1853883C2B5581C9000BCC6A /* TabBarRootController.swift */; };
		1853883F2B55827B000BCC6A /* ReservationVC.swift in Sources */ = {isa = PBXBuildFile; fileRef = 1853883E2B55827B000BCC6A /* ReservationVC.swift */; };
		185388412B558285000BCC6A /* ReservationView.swift in Sources */ = {isa = PBXBuildFile; fileRef = 185388402B558285000BCC6A /* ReservationView.swift */; };
		185388432B55829B000BCC6A /* GiftVC.swift in Sources */ = {isa = PBXBuildFile; fileRef = 185388422B55829B000BCC6A /* GiftVC.swift */; };
		185388452B5582A1000BCC6A /* GiftView.swift in Sources */ = {isa = PBXBuildFile; fileRef = 185388442B5582A1000BCC6A /* GiftView.swift */; };
		185388472B5582AB000BCC6A /* AddNewVC.swift in Sources */ = {isa = PBXBuildFile; fileRef = 185388462B5582AB000BCC6A /* AddNewVC.swift */; };
		185388492B5582B1000BCC6A /* AddNewView.swift in Sources */ = {isa = PBXBuildFile; fileRef = 185388482B5582B1000BCC6A /* AddNewView.swift */; };
		1853884B2B5582B9000BCC6A /* BonusVC.swift in Sources */ = {isa = PBXBuildFile; fileRef = 1853884A2B5582B9000BCC6A /* BonusVC.swift */; };
		1853884D2B5582BE000BCC6A /* BonusView.swift in Sources */ = {isa = PBXBuildFile; fileRef = 1853884C2B5582BE000BCC6A /* BonusView.swift */; };
		1853884F2B5582C4000BCC6A /* InfoVC.swift in Sources */ = {isa = PBXBuildFile; fileRef = 1853884E2B5582C4000BCC6A /* InfoVC.swift */; };
		185388512B5582CB000BCC6A /* InfoView.swift in Sources */ = {isa = PBXBuildFile; fileRef = 185388502B5582CB000BCC6A /* InfoView.swift */; };
		185388542B55833A000BCC6A /* SnapKit in Frameworks */ = {isa = PBXBuildFile; productRef = 185388532B55833A000BCC6A /* SnapKit */; };
		185388582B558B93000BCC6A /* UD.swift in Sources */ = {isa = PBXBuildFile; fileRef = 185388572B558B93000BCC6A /* UD.swift */; };
		1853885B2B558BCA000BCC6A /* Settnigs.swift in Sources */ = {isa = PBXBuildFile; fileRef = 1853885A2B558BC9000BCC6A /* Settnigs.swift */; };
		1853885D2B558C17000BCC6A /* Font + Extension.swift in Sources */ = {isa = PBXBuildFile; fileRef = 1853885C2B558C17000BCC6A /* Font + Extension.swift */; };
		18E6E3772B596D400076DBDF /* TestBeck.swift in Sources */ = {isa = PBXBuildFile; fileRef = 18E6E3762B596D400076DBDF /* TestBeck.swift */; };
		18E6E3792B596D580076DBDF /* GiftCell.swift in Sources */ = {isa = PBXBuildFile; fileRef = 18E6E3782B596D580076DBDF /* GiftCell.swift */; };
		18E6E37B2B596D640076DBDF /* GiftModel.swift in Sources */ = {isa = PBXBuildFile; fileRef = 18E6E37A2B596D640076DBDF /* GiftModel.swift */; };
		18E6E37E2B596D7C0076DBDF /* DetailView.swift in Sources */ = {isa = PBXBuildFile; fileRef = 18E6E37D2B596D7C0076DBDF /* DetailView.swift */; };
		18E6E3802B596D820076DBDF /* DetailVC.swift in Sources */ = {isa = PBXBuildFile; fileRef = 18E6E37F2B596D820076DBDF /* DetailVC.swift */; };
		18E6E3832B596DA90076DBDF /* CodeVC.swift in Sources */ = {isa = PBXBuildFile; fileRef = 18E6E3822B596DA90076DBDF /* CodeVC.swift */; };
		18E6E3852B596DAF0076DBDF /* CodeView.swift in Sources */ = {isa = PBXBuildFile; fileRef = 18E6E3842B596DAF0076DBDF /* CodeView.swift */; };
		18E6E3872B596DBF0076DBDF /* DataGifts in Resources */ = {isa = PBXBuildFile; fileRef = 18E6E3862B596DBF0076DBDF /* DataGifts */; };
		18E6E3892B5FB5880076DBDF /* WheelView.swift in Sources */ = {isa = PBXBuildFile; fileRef = 18E6E3882B5FB5880076DBDF /* WheelView.swift */; };
		18E6E38C2B5FB6500076DBDF /* BonusPrizeVC.swift in Sources */ = {isa = PBXBuildFile; fileRef = 18E6E38B2B5FB6500076DBDF /* BonusPrizeVC.swift */; };
		18E6E38E2B5FB6570076DBDF /* BonusPrizeView.swift in Sources */ = {isa = PBXBuildFile; fileRef = 18E6E38D2B5FB6570076DBDF /* BonusPrizeView.swift */; };
		18E6E3912B5FF0780076DBDF /* ProfiveView.swift in Sources */ = {isa = PBXBuildFile; fileRef = 18E6E3902B5FF0780076DBDF /* ProfiveView.swift */; };
		18E6E3932B5FF0820076DBDF /* ProfileVC.swift in Sources */ = {isa = PBXBuildFile; fileRef = 18E6E3922B5FF0820076DBDF /* ProfileVC.swift */; };
		18E6E3952B628B930076DBDF /* EventData in Resources */ = {isa = PBXBuildFile; fileRef = 18E6E3942B628B930076DBDF /* EventData */; };
		18E6E3972B628C3A0076DBDF /* AddNewModel.swift in Sources */ = {isa = PBXBuildFile; fileRef = 18E6E3962B628C3A0076DBDF /* AddNewModel.swift */; };
		18E6E3992B628CEB0076DBDF /* AddNewCell.swift in Sources */ = {isa = PBXBuildFile; fileRef = 18E6E3982B628CEB0076DBDF /* AddNewCell.swift */; };
		18E6E39C2B62C4E70076DBDF /* EventView.swift in Sources */ = {isa = PBXBuildFile; fileRef = 18E6E39B2B62C4E70076DBDF /* EventView.swift */; };
		18E6E39E2B62C4ED0076DBDF /* EventVC.swift in Sources */ = {isa = PBXBuildFile; fileRef = 18E6E39D2B62C4ED0076DBDF /* EventVC.swift */; };
/* End PBXBuildFile section */

/* Begin PBXFileReference section */
		185388102B557CD5000BCC6A /* aviator.app */ = {isa = PBXFileReference; explicitFileType = wrapper.application; includeInIndex = 0; path = aviator.app; sourceTree = BUILT_PRODUCTS_DIR; };
		185388132B557CD5000BCC6A /* AppDelegate.swift */ = {isa = PBXFileReference; lastKnownFileType = sourcecode.swift; path = AppDelegate.swift; sourceTree = "<group>"; };
		185388152B557CD5000BCC6A /* SceneDelegate.swift */ = {isa = PBXFileReference; lastKnownFileType = sourcecode.swift; path = SceneDelegate.swift; sourceTree = "<group>"; };
		1853881C2B557CD8000BCC6A /* Assets.xcassets */ = {isa = PBXFileReference; lastKnownFileType = folder.assetcatalog; path = Assets.xcassets; sourceTree = "<group>"; };
		1853881F2B557CD8000BCC6A /* Base */ = {isa = PBXFileReference; lastKnownFileType = file.storyboard; name = Base; path = Base.lproj/LaunchScreen.storyboard; sourceTree = "<group>"; };
		185388212B557CD8000BCC6A /* Info.plist */ = {isa = PBXFileReference; lastKnownFileType = text.plist.xml; path = Info.plist; sourceTree = "<group>"; };
		1853882B2B557F5A000BCC6A /* WelcomeVC.swift */ = {isa = PBXFileReference; lastKnownFileType = sourcecode.swift; path = WelcomeVC.swift; sourceTree = "<group>"; };
		1853882D2B557F60000BCC6A /* WelcomeView.swift */ = {isa = PBXFileReference; lastKnownFileType = sourcecode.swift; path = WelcomeView.swift; sourceTree = "<group>"; };
		185388362B5580DF000BCC6A /* Mont-Bold.ttf */ = {isa = PBXFileReference; lastKnownFileType = file; path = "Mont-Bold.ttf"; sourceTree = "<group>"; };
		185388372B5580E0000BCC6A /* Mont-SemiBold.ttf */ = {isa = PBXFileReference; lastKnownFileType = file; path = "Mont-SemiBold.ttf"; sourceTree = "<group>"; };
		185388382B5580E0000BCC6A /* Mont-Regular.ttf */ = {isa = PBXFileReference; lastKnownFileType = file; path = "Mont-Regular.ttf"; sourceTree = "<group>"; };
		1853883C2B5581C9000BCC6A /* TabBarRootController.swift */ = {isa = PBXFileReference; lastKnownFileType = sourcecode.swift; path = TabBarRootController.swift; sourceTree = "<group>"; };
		1853883E2B55827B000BCC6A /* ReservationVC.swift */ = {isa = PBXFileReference; lastKnownFileType = sourcecode.swift; path = ReservationVC.swift; sourceTree = "<group>"; };
		185388402B558285000BCC6A /* ReservationView.swift */ = {isa = PBXFileReference; lastKnownFileType = sourcecode.swift; path = ReservationView.swift; sourceTree = "<group>"; };
		185388422B55829B000BCC6A /* GiftVC.swift */ = {isa = PBXFileReference; lastKnownFileType = sourcecode.swift; path = GiftVC.swift; sourceTree = "<group>"; };
		185388442B5582A1000BCC6A /* GiftView.swift */ = {isa = PBXFileReference; lastKnownFileType = sourcecode.swift; path = GiftView.swift; sourceTree = "<group>"; };
		185388462B5582AB000BCC6A /* AddNewVC.swift */ = {isa = PBXFileReference; lastKnownFileType = sourcecode.swift; path = AddNewVC.swift; sourceTree = "<group>"; };
		185388482B5582B1000BCC6A /* AddNewView.swift */ = {isa = PBXFileReference; lastKnownFileType = sourcecode.swift; path = AddNewView.swift; sourceTree = "<group>"; };
		1853884A2B5582B9000BCC6A /* BonusVC.swift */ = {isa = PBXFileReference; lastKnownFileType = sourcecode.swift; path = BonusVC.swift; sourceTree = "<group>"; };
		1853884C2B5582BE000BCC6A /* BonusView.swift */ = {isa = PBXFileReference; lastKnownFileType = sourcecode.swift; path = BonusView.swift; sourceTree = "<group>"; };
		1853884E2B5582C4000BCC6A /* InfoVC.swift */ = {isa = PBXFileReference; lastKnownFileType = sourcecode.swift; path = InfoVC.swift; sourceTree = "<group>"; };
		185388502B5582CB000BCC6A /* InfoView.swift */ = {isa = PBXFileReference; lastKnownFileType = sourcecode.swift; path = InfoView.swift; sourceTree = "<group>"; };
		185388572B558B93000BCC6A /* UD.swift */ = {isa = PBXFileReference; lastKnownFileType = sourcecode.swift; path = UD.swift; sourceTree = "<group>"; };
		1853885A2B558BC9000BCC6A /* Settnigs.swift */ = {isa = PBXFileReference; lastKnownFileType = sourcecode.swift; path = Settnigs.swift; sourceTree = "<group>"; };
		1853885C2B558C17000BCC6A /* Font + Extension.swift */ = {isa = PBXFileReference; lastKnownFileType = sourcecode.swift; path = "Font + Extension.swift"; sourceTree = "<group>"; };
		18E6E3762B596D400076DBDF /* TestBeck.swift */ = {isa = PBXFileReference; lastKnownFileType = sourcecode.swift; path = TestBeck.swift; sourceTree = "<group>"; };
		18E6E3782B596D580076DBDF /* GiftCell.swift */ = {isa = PBXFileReference; lastKnownFileType = sourcecode.swift; path = GiftCell.swift; sourceTree = "<group>"; };
		18E6E37A2B596D640076DBDF /* GiftModel.swift */ = {isa = PBXFileReference; lastKnownFileType = sourcecode.swift; path = GiftModel.swift; sourceTree = "<group>"; };
		18E6E37D2B596D7C0076DBDF /* DetailView.swift */ = {isa = PBXFileReference; lastKnownFileType = sourcecode.swift; path = DetailView.swift; sourceTree = "<group>"; };
		18E6E37F2B596D820076DBDF /* DetailVC.swift */ = {isa = PBXFileReference; lastKnownFileType = sourcecode.swift; path = DetailVC.swift; sourceTree = "<group>"; };
		18E6E3822B596DA90076DBDF /* CodeVC.swift */ = {isa = PBXFileReference; lastKnownFileType = sourcecode.swift; path = CodeVC.swift; sourceTree = "<group>"; };
		18E6E3842B596DAF0076DBDF /* CodeView.swift */ = {isa = PBXFileReference; lastKnownFileType = sourcecode.swift; path = CodeView.swift; sourceTree = "<group>"; };
		18E6E3862B596DBF0076DBDF /* DataGifts */ = {isa = PBXFileReference; lastKnownFileType = text; path = DataGifts; sourceTree = "<group>"; };
		18E6E3882B5FB5880076DBDF /* WheelView.swift */ = {isa = PBXFileReference; lastKnownFileType = sourcecode.swift; path = WheelView.swift; sourceTree = "<group>"; };
		18E6E38B2B5FB6500076DBDF /* BonusPrizeVC.swift */ = {isa = PBXFileReference; lastKnownFileType = sourcecode.swift; path = BonusPrizeVC.swift; sourceTree = "<group>"; };
		18E6E38D2B5FB6570076DBDF /* BonusPrizeView.swift */ = {isa = PBXFileReference; lastKnownFileType = sourcecode.swift; path = BonusPrizeView.swift; sourceTree = "<group>"; };
		18E6E3902B5FF0780076DBDF /* ProfiveView.swift */ = {isa = PBXFileReference; lastKnownFileType = sourcecode.swift; path = ProfiveView.swift; sourceTree = "<group>"; };
		18E6E3922B5FF0820076DBDF /* ProfileVC.swift */ = {isa = PBXFileReference; lastKnownFileType = sourcecode.swift; path = ProfileVC.swift; sourceTree = "<group>"; };
		18E6E3942B628B930076DBDF /* EventData */ = {isa = PBXFileReference; lastKnownFileType = text; path = EventData; sourceTree = "<group>"; };
		18E6E3962B628C3A0076DBDF /* AddNewModel.swift */ = {isa = PBXFileReference; lastKnownFileType = sourcecode.swift; path = AddNewModel.swift; sourceTree = "<group>"; };
		18E6E3982B628CEB0076DBDF /* AddNewCell.swift */ = {isa = PBXFileReference; lastKnownFileType = sourcecode.swift; path = AddNewCell.swift; sourceTree = "<group>"; };
		18E6E39B2B62C4E70076DBDF /* EventView.swift */ = {isa = PBXFileReference; lastKnownFileType = sourcecode.swift; path = EventView.swift; sourceTree = "<group>"; };
		18E6E39D2B62C4ED0076DBDF /* EventVC.swift */ = {isa = PBXFileReference; lastKnownFileType = sourcecode.swift; path = EventVC.swift; sourceTree = "<group>"; };
/* End PBXFileReference section */

/* Begin PBXFrameworksBuildPhase section */
		1853880D2B557CD5000BCC6A /* Frameworks */ = {
			isa = PBXFrameworksBuildPhase;
			buildActionMask = 2147483647;
			files = (
				185388542B55833A000BCC6A /* SnapKit in Frameworks */,
			);
			runOnlyForDeploymentPostprocessing = 0;
		};
/* End PBXFrameworksBuildPhase section */

/* Begin PBXGroup section */
		185388072B557CD5000BCC6A = {
			isa = PBXGroup;
			children = (
				185388122B557CD5000BCC6A /* aviator */,
				185388112B557CD5000BCC6A /* Products */,
			);
			sourceTree = "<group>";
		};
		185388112B557CD5000BCC6A /* Products */ = {
			isa = PBXGroup;
			children = (
				185388102B557CD5000BCC6A /* aviator.app */,
			);
			name = Products;
			sourceTree = "<group>";
		};
		185388122B557CD5000BCC6A /* aviator */ = {
			isa = PBXGroup;
			children = (
				185388282B557EC9000BCC6A /* App */,
				185388272B557CEC000BCC6A /* Flow */,
				185388342B55803F000BCC6A /* Assets */,
				185388212B557CD8000BCC6A /* Info.plist */,
			);
			path = aviator;
			sourceTree = "<group>";
		};
		185388272B557CEC000BCC6A /* Flow */ = {
			isa = PBXGroup;
			children = (
				1853882A2B557F2E000BCC6A /* Welcome */,
				185388292B557EE7000BCC6A /* TabBar */,
				1853882F2B557F75000BCC6A /* Reservation */,
				185388302B557F8B000BCC6A /* Gift */,
				185388312B557F97000BCC6A /* AddNew */,
				185388322B557FB2000BCC6A /* Bonus */,
				185388332B557FB6000BCC6A /* Info */,
				185388552B558B5D000BCC6A /* Resourse */,
			);
			path = Flow;
			sourceTree = "<group>";
		};
		185388282B557EC9000BCC6A /* App */ = {
			isa = PBXGroup;
			children = (
				185388132B557CD5000BCC6A /* AppDelegate.swift */,
				185388152B557CD5000BCC6A /* SceneDelegate.swift */,
				1853881E2B557CD8000BCC6A /* LaunchScreen.storyboard */,
			);
			path = App;
			sourceTree = "<group>";
		};
		185388292B557EE7000BCC6A /* TabBar */ = {
			isa = PBXGroup;
			children = (
				1853883C2B5581C9000BCC6A /* TabBarRootController.swift */,
			);
			path = TabBar;
			sourceTree = "<group>";
		};
		1853882A2B557F2E000BCC6A /* Welcome */ = {
			isa = PBXGroup;
			children = (
				1853882B2B557F5A000BCC6A /* WelcomeVC.swift */,
				1853882D2B557F60000BCC6A /* WelcomeView.swift */,
			);
			path = Welcome;
			sourceTree = "<group>";
		};
		1853882F2B557F75000BCC6A /* Reservation */ = {
			isa = PBXGroup;
			children = (
				1853883E2B55827B000BCC6A /* ReservationVC.swift */,
				185388402B558285000BCC6A /* ReservationView.swift */,
			);
			path = Reservation;
			sourceTree = "<group>";
		};
		185388302B557F8B000BCC6A /* Gift */ = {
			isa = PBXGroup;
			children = (
				185388422B55829B000BCC6A /* GiftVC.swift */,
				185388442B5582A1000BCC6A /* GiftView.swift */,
				18E6E3782B596D580076DBDF /* GiftCell.swift */,
				18E6E37A2B596D640076DBDF /* GiftModel.swift */,
				18E6E3862B596DBF0076DBDF /* DataGifts */,
				18E6E37C2B596D6D0076DBDF /* Detail */,
			);
			path = Gift;
			sourceTree = "<group>";
		};
		185388312B557F97000BCC6A /* AddNew */ = {
			isa = PBXGroup;
			children = (
				185388462B5582AB000BCC6A /* AddNewVC.swift */,
				185388482B5582B1000BCC6A /* AddNewView.swift */,
				18E6E3982B628CEB0076DBDF /* AddNewCell.swift */,
				18E6E3962B628C3A0076DBDF /* AddNewModel.swift */,
				18E6E3942B628B930076DBDF /* EventData */,
				18E6E39A2B62C4B60076DBDF /* Event */,
			);
			path = AddNew;
			sourceTree = "<group>";
		};
		185388322B557FB2000BCC6A /* Bonus */ = {
			isa = PBXGroup;
			children = (
				1853884A2B5582B9000BCC6A /* BonusVC.swift */,
				1853884C2B5582BE000BCC6A /* BonusView.swift */,
				18E6E3882B5FB5880076DBDF /* WheelView.swift */,
				18E6E38A2B5FB6350076DBDF /* BonusPrize */,
			);
			path = Bonus;
			sourceTree = "<group>";
		};
		185388332B557FB6000BCC6A /* Info */ = {
			isa = PBXGroup;
			children = (
				1853884E2B5582C4000BCC6A /* InfoVC.swift */,
				185388502B5582CB000BCC6A /* InfoView.swift */,
				18E6E38F2B5FF06C0076DBDF /* Profile */,
			);
			path = Info;
			sourceTree = "<group>";
		};
		185388342B55803F000BCC6A /* Assets */ = {
			isa = PBXGroup;
			children = (
				185388352B558054000BCC6A /* Font */,
				1853881C2B557CD8000BCC6A /* Assets.xcassets */,
			);
			path = Assets;
			sourceTree = "<group>";
		};
		185388352B558054000BCC6A /* Font */ = {
			isa = PBXGroup;
			children = (
				185388362B5580DF000BCC6A /* Mont-Bold.ttf */,
				185388382B5580E0000BCC6A /* Mont-Regular.ttf */,
				185388372B5580E0000BCC6A /* Mont-SemiBold.ttf */,
			);
			path = Font;
			sourceTree = "<group>";
		};
		185388552B558B5D000BCC6A /* Resourse */ = {
			isa = PBXGroup;
			children = (
				185388592B558BC2000BCC6A /* Settings */,
				185388562B558B67000BCC6A /* UserDefault */,
			);
			path = Resourse;
			sourceTree = "<group>";
		};
		185388562B558B67000BCC6A /* UserDefault */ = {
			isa = PBXGroup;
			children = (
				185388572B558B93000BCC6A /* UD.swift */,
			);
			path = UserDefault;
			sourceTree = "<group>";
		};
		185388592B558BC2000BCC6A /* Settings */ = {
			isa = PBXGroup;
			children = (
				1853885A2B558BC9000BCC6A /* Settnigs.swift */,
				1853885C2B558C17000BCC6A /* Font + Extension.swift */,
				18E6E3762B596D400076DBDF /* TestBeck.swift */,
			);
			path = Settings;
			sourceTree = "<group>";
		};
		18E6E37C2B596D6D0076DBDF /* Detail */ = {
			isa = PBXGroup;
			children = (
				18E6E37F2B596D820076DBDF /* DetailVC.swift */,
				18E6E37D2B596D7C0076DBDF /* DetailView.swift */,
				18E6E3812B596D9A0076DBDF /* Code */,
			);
			path = Detail;
			sourceTree = "<group>";
		};
		18E6E3812B596D9A0076DBDF /* Code */ = {
			isa = PBXGroup;
			children = (
				18E6E3822B596DA90076DBDF /* CodeVC.swift */,
				18E6E3842B596DAF0076DBDF /* CodeView.swift */,
			);
			path = Code;
			sourceTree = "<group>";
		};
		18E6E38A2B5FB6350076DBDF /* BonusPrize */ = {
			isa = PBXGroup;
			children = (
				18E6E38B2B5FB6500076DBDF /* BonusPrizeVC.swift */,
				18E6E38D2B5FB6570076DBDF /* BonusPrizeView.swift */,
			);
			path = BonusPrize;
			sourceTree = "<group>";
		};
		18E6E38F2B5FF06C0076DBDF /* Profile */ = {
			isa = PBXGroup;
			children = (
				18E6E3922B5FF0820076DBDF /* ProfileVC.swift */,
				18E6E3902B5FF0780076DBDF /* ProfiveView.swift */,
			);
			path = Profile;
			sourceTree = "<group>";
		};
		18E6E39A2B62C4B60076DBDF /* Event */ = {
			isa = PBXGroup;
			children = (
				18E6E39D2B62C4ED0076DBDF /* EventVC.swift */,
				18E6E39B2B62C4E70076DBDF /* EventView.swift */,
			);
			path = Event;
			sourceTree = "<group>";
		};
/* End PBXGroup section */

/* Begin PBXNativeTarget section */
		1853880F2B557CD5000BCC6A /* aviator */ = {
			isa = PBXNativeTarget;
			buildConfigurationList = 185388242B557CD8000BCC6A /* Build configuration list for PBXNativeTarget "aviator" */;
			buildPhases = (
				1853880C2B557CD5000BCC6A /* Sources */,
				1853880D2B557CD5000BCC6A /* Frameworks */,
				1853880E2B557CD5000BCC6A /* Resources */,
			);
			buildRules = (
			);
			dependencies = (
			);
			name = aviator;
			packageProductDependencies = (
				185388532B55833A000BCC6A /* SnapKit */,
			);
			productName = aviator;
			productReference = 185388102B557CD5000BCC6A /* aviator.app */;
			productType = "com.apple.product-type.application";
		};
/* End PBXNativeTarget section */

/* Begin PBXProject section */
		185388082B557CD5000BCC6A /* Project object */ = {
			isa = PBXProject;
			attributes = {
				BuildIndependentTargetsInParallel = 1;
				LastSwiftUpdateCheck = 1500;
				LastUpgradeCheck = 1500;
				TargetAttributes = {
					1853880F2B557CD5000BCC6A = {
						CreatedOnToolsVersion = 15.0;
					};
				};
			};
			buildConfigurationList = 1853880B2B557CD5000BCC6A /* Build configuration list for PBXProject "aviator" */;
			compatibilityVersion = "Xcode 14.0";
			developmentRegion = en;
			hasScannedForEncodings = 0;
			knownRegions = (
				en,
				Base,
			);
			mainGroup = 185388072B557CD5000BCC6A;
			packageReferences = (
				185388522B55833A000BCC6A /* XCRemoteSwiftPackageReference "SnapKit" */,
			);
			productRefGroup = 185388112B557CD5000BCC6A /* Products */;
			projectDirPath = "";
			projectRoot = "";
			targets = (
				1853880F2B557CD5000BCC6A /* aviator */,
			);
		};
/* End PBXProject section */

/* Begin PBXResourcesBuildPhase section */
		1853880E2B557CD5000BCC6A /* Resources */ = {
			isa = PBXResourcesBuildPhase;
			buildActionMask = 2147483647;
			files = (
				18E6E3952B628B930076DBDF /* EventData in Resources */,
				185388202B557CD8000BCC6A /* LaunchScreen.storyboard in Resources */,
				1853883B2B5580E0000BCC6A /* Mont-Regular.ttf in Resources */,
				18E6E3872B596DBF0076DBDF /* DataGifts in Resources */,
				185388392B5580E0000BCC6A /* Mont-Bold.ttf in Resources */,
				1853881D2B557CD8000BCC6A /* Assets.xcassets in Resources */,
				1853883A2B5580E0000BCC6A /* Mont-SemiBold.ttf in Resources */,
			);
			runOnlyForDeploymentPostprocessing = 0;
		};
/* End PBXResourcesBuildPhase section */

/* Begin PBXSourcesBuildPhase section */
		1853880C2B557CD5000BCC6A /* Sources */ = {
			isa = PBXSourcesBuildPhase;
			buildActionMask = 2147483647;
			files = (
				18E6E3932B5FF0820076DBDF /* ProfileVC.swift in Sources */,
				18E6E37B2B596D640076DBDF /* GiftModel.swift in Sources */,
				185388512B5582CB000BCC6A /* InfoView.swift in Sources */,
				1853882E2B557F60000BCC6A /* WelcomeView.swift in Sources */,
				18E6E3852B596DAF0076DBDF /* CodeView.swift in Sources */,
				1853884B2B5582B9000BCC6A /* BonusVC.swift in Sources */,
				1853883D2B5581C9000BCC6A /* TabBarRootController.swift in Sources */,
				18E6E37E2B596D7C0076DBDF /* DetailView.swift in Sources */,
				1853885D2B558C17000BCC6A /* Font + Extension.swift in Sources */,
				1853883F2B55827B000BCC6A /* ReservationVC.swift in Sources */,
				1853884F2B5582C4000BCC6A /* InfoVC.swift in Sources */,
				185388142B557CD5000BCC6A /* AppDelegate.swift in Sources */,
				185388412B558285000BCC6A /* ReservationView.swift in Sources */,
				18E6E3832B596DA90076DBDF /* CodeVC.swift in Sources */,
				18E6E3912B5FF0780076DBDF /* ProfiveView.swift in Sources */,
				185388162B557CD5000BCC6A /* SceneDelegate.swift in Sources */,
				185388472B5582AB000BCC6A /* AddNewVC.swift in Sources */,
				18E6E38E2B5FB6570076DBDF /* BonusPrizeView.swift in Sources */,
				185388432B55829B000BCC6A /* GiftVC.swift in Sources */,
				185388492B5582B1000BCC6A /* AddNewView.swift in Sources */,
				185388582B558B93000BCC6A /* UD.swift in Sources */,
				185388452B5582A1000BCC6A /* GiftView.swift in Sources */,
				18E6E38C2B5FB6500076DBDF /* BonusPrizeVC.swift in Sources */,
				18E6E3972B628C3A0076DBDF /* AddNewModel.swift in Sources */,
				18E6E39C2B62C4E70076DBDF /* EventView.swift in Sources */,
				18E6E3892B5FB5880076DBDF /* WheelView.swift in Sources */,
				1853884D2B5582BE000BCC6A /* BonusView.swift in Sources */,
				1853882C2B557F5A000BCC6A /* WelcomeVC.swift in Sources */,
				18E6E3802B596D820076DBDF /* DetailVC.swift in Sources */,
				18E6E3772B596D400076DBDF /* TestBeck.swift in Sources */,
				1853885B2B558BCA000BCC6A /* Settnigs.swift in Sources */,
				18E6E39E2B62C4ED0076DBDF /* EventVC.swift in Sources */,
				18E6E3992B628CEB0076DBDF /* AddNewCell.swift in Sources */,
				18E6E3792B596D580076DBDF /* GiftCell.swift in Sources */,
			);
			runOnlyForDeploymentPostprocessing = 0;
		};
/* End PBXSourcesBuildPhase section */

/* Begin PBXVariantGroup section */
		1853881E2B557CD8000BCC6A /* LaunchScreen.storyboard */ = {
			isa = PBXVariantGroup;
			children = (
				1853881F2B557CD8000BCC6A /* Base */,
			);
			name = LaunchScreen.storyboard;
			sourceTree = "<group>";
		};
/* End PBXVariantGroup section */

/* Begin XCBuildConfiguration section */
		185388222B557CD8000BCC6A /* Debug */ = {
			isa = XCBuildConfiguration;
			buildSettings = {
				ALWAYS_SEARCH_USER_PATHS = NO;
				ASSETCATALOG_COMPILER_GENERATE_SWIFT_ASSET_SYMBOL_EXTENSIONS = YES;
				CLANG_ANALYZER_NONNULL = YES;
				CLANG_ANALYZER_NUMBER_OBJECT_CONVERSION = YES_AGGRESSIVE;
				CLANG_CXX_LANGUAGE_STANDARD = "gnu++20";
				CLANG_ENABLE_MODULES = YES;
				CLANG_ENABLE_OBJC_ARC = YES;
				CLANG_ENABLE_OBJC_WEAK = YES;
				CLANG_WARN_BLOCK_CAPTURE_AUTORELEASING = YES;
				CLANG_WARN_BOOL_CONVERSION = YES;
				CLANG_WARN_COMMA = YES;
				CLANG_WARN_CONSTANT_CONVERSION = YES;
				CLANG_WARN_DEPRECATED_OBJC_IMPLEMENTATIONS = YES;
				CLANG_WARN_DIRECT_OBJC_ISA_USAGE = YES_ERROR;
				CLANG_WARN_DOCUMENTATION_COMMENTS = YES;
				CLANG_WARN_EMPTY_BODY = YES;
				CLANG_WARN_ENUM_CONVERSION = YES;
				CLANG_WARN_INFINITE_RECURSION = YES;
				CLANG_WARN_INT_CONVERSION = YES;
				CLANG_WARN_NON_LITERAL_NULL_CONVERSION = YES;
				CLANG_WARN_OBJC_IMPLICIT_RETAIN_SELF = YES;
				CLANG_WARN_OBJC_LITERAL_CONVERSION = YES;
				CLANG_WARN_OBJC_ROOT_CLASS = YES_ERROR;
				CLANG_WARN_QUOTED_INCLUDE_IN_FRAMEWORK_HEADER = YES;
				CLANG_WARN_RANGE_LOOP_ANALYSIS = YES;
				CLANG_WARN_STRICT_PROTOTYPES = YES;
				CLANG_WARN_SUSPICIOUS_MOVE = YES;
				CLANG_WARN_UNGUARDED_AVAILABILITY = YES_AGGRESSIVE;
				CLANG_WARN_UNREACHABLE_CODE = YES;
				CLANG_WARN__DUPLICATE_METHOD_MATCH = YES;
				COPY_PHASE_STRIP = NO;
				DEBUG_INFORMATION_FORMAT = dwarf;
				ENABLE_STRICT_OBJC_MSGSEND = YES;
				ENABLE_TESTABILITY = YES;
				ENABLE_USER_SCRIPT_SANDBOXING = YES;
				GCC_C_LANGUAGE_STANDARD = gnu17;
				GCC_DYNAMIC_NO_PIC = NO;
				GCC_NO_COMMON_BLOCKS = YES;
				GCC_OPTIMIZATION_LEVEL = 0;
				GCC_PREPROCESSOR_DEFINITIONS = (
					"DEBUG=1",
					"$(inherited)",
				);
				GCC_WARN_64_TO_32_BIT_CONVERSION = YES;
				GCC_WARN_ABOUT_RETURN_TYPE = YES_ERROR;
				GCC_WARN_UNDECLARED_SELECTOR = YES;
				GCC_WARN_UNINITIALIZED_AUTOS = YES_AGGRESSIVE;
				GCC_WARN_UNUSED_FUNCTION = YES;
				GCC_WARN_UNUSED_VARIABLE = YES;
				IPHONEOS_DEPLOYMENT_TARGET = 17.0;
				LOCALIZATION_PREFERS_STRING_CATALOGS = YES;
				MTL_ENABLE_DEBUG_INFO = INCLUDE_SOURCE;
				MTL_FAST_MATH = YES;
				ONLY_ACTIVE_ARCH = YES;
				SDKROOT = iphoneos;
				SWIFT_ACTIVE_COMPILATION_CONDITIONS = "DEBUG $(inherited)";
				SWIFT_OPTIMIZATION_LEVEL = "-Onone";
			};
			name = Debug;
		};
		185388232B557CD8000BCC6A /* Release */ = {
			isa = XCBuildConfiguration;
			buildSettings = {
				ALWAYS_SEARCH_USER_PATHS = NO;
				ASSETCATALOG_COMPILER_GENERATE_SWIFT_ASSET_SYMBOL_EXTENSIONS = YES;
				CLANG_ANALYZER_NONNULL = YES;
				CLANG_ANALYZER_NUMBER_OBJECT_CONVERSION = YES_AGGRESSIVE;
				CLANG_CXX_LANGUAGE_STANDARD = "gnu++20";
				CLANG_ENABLE_MODULES = YES;
				CLANG_ENABLE_OBJC_ARC = YES;
				CLANG_ENABLE_OBJC_WEAK = YES;
				CLANG_WARN_BLOCK_CAPTURE_AUTORELEASING = YES;
				CLANG_WARN_BOOL_CONVERSION = YES;
				CLANG_WARN_COMMA = YES;
				CLANG_WARN_CONSTANT_CONVERSION = YES;
				CLANG_WARN_DEPRECATED_OBJC_IMPLEMENTATIONS = YES;
				CLANG_WARN_DIRECT_OBJC_ISA_USAGE = YES_ERROR;
				CLANG_WARN_DOCUMENTATION_COMMENTS = YES;
				CLANG_WARN_EMPTY_BODY = YES;
				CLANG_WARN_ENUM_CONVERSION = YES;
				CLANG_WARN_INFINITE_RECURSION = YES;
				CLANG_WARN_INT_CONVERSION = YES;
				CLANG_WARN_NON_LITERAL_NULL_CONVERSION = YES;
				CLANG_WARN_OBJC_IMPLICIT_RETAIN_SELF = YES;
				CLANG_WARN_OBJC_LITERAL_CONVERSION = YES;
				CLANG_WARN_OBJC_ROOT_CLASS = YES_ERROR;
				CLANG_WARN_QUOTED_INCLUDE_IN_FRAMEWORK_HEADER = YES;
				CLANG_WARN_RANGE_LOOP_ANALYSIS = YES;
				CLANG_WARN_STRICT_PROTOTYPES = YES;
				CLANG_WARN_SUSPICIOUS_MOVE = YES;
				CLANG_WARN_UNGUARDED_AVAILABILITY = YES_AGGRESSIVE;
				CLANG_WARN_UNREACHABLE_CODE = YES;
				CLANG_WARN__DUPLICATE_METHOD_MATCH = YES;
				COPY_PHASE_STRIP = NO;
				DEBUG_INFORMATION_FORMAT = "dwarf-with-dsym";
				ENABLE_NS_ASSERTIONS = NO;
				ENABLE_STRICT_OBJC_MSGSEND = YES;
				ENABLE_USER_SCRIPT_SANDBOXING = YES;
				GCC_C_LANGUAGE_STANDARD = gnu17;
				GCC_NO_COMMON_BLOCKS = YES;
				GCC_WARN_64_TO_32_BIT_CONVERSION = YES;
				GCC_WARN_ABOUT_RETURN_TYPE = YES_ERROR;
				GCC_WARN_UNDECLARED_SELECTOR = YES;
				GCC_WARN_UNINITIALIZED_AUTOS = YES_AGGRESSIVE;
				GCC_WARN_UNUSED_FUNCTION = YES;
				GCC_WARN_UNUSED_VARIABLE = YES;
				IPHONEOS_DEPLOYMENT_TARGET = 17.0;
				LOCALIZATION_PREFERS_STRING_CATALOGS = YES;
				MTL_ENABLE_DEBUG_INFO = NO;
				MTL_FAST_MATH = YES;
				SDKROOT = iphoneos;
				SWIFT_COMPILATION_MODE = wholemodule;
				VALIDATE_PRODUCT = YES;
			};
			name = Release;
		};
		185388252B557CD8000BCC6A /* Debug */ = {
			isa = XCBuildConfiguration;
			buildSettings = {
				ASSETCATALOG_COMPILER_APPICON_NAME = AppIcon;
				ASSETCATALOG_COMPILER_GLOBAL_ACCENT_COLOR_NAME = AccentColor;
				CODE_SIGN_STYLE = Automatic;
				CURRENT_PROJECT_VERSION = 1;
				GENERATE_INFOPLIST_FILE = YES;
				INFOPLIST_FILE = aviator/Info.plist;
				INFOPLIST_KEY_UIApplicationSupportsIndirectInputEvents = YES;
				INFOPLIST_KEY_UILaunchStoryboardName = LaunchScreen;
				INFOPLIST_KEY_UISupportedInterfaceOrientations = "UIInterfaceOrientationLandscapeLeft UIInterfaceOrientationLandscapeRight UIInterfaceOrientationPortrait";
				INFOPLIST_KEY_UISupportedInterfaceOrientations_iPad = "UIInterfaceOrientationLandscapeLeft UIInterfaceOrientationLandscapeRight UIInterfaceOrientationPortrait UIInterfaceOrientationPortraitUpsideDown";
				IPHONEOS_DEPLOYMENT_TARGET = 15.0;
				LD_RUNPATH_SEARCH_PATHS = (
					"$(inherited)",
					"@executable_path/Frameworks",
				);
				MARKETING_VERSION = 1.0;
				PRODUCT_BUNDLE_IDENTIFIER = tsarevichD.aviator;
				PRODUCT_NAME = "$(TARGET_NAME)";
				SUPPORTED_PLATFORMS = "iphoneos iphonesimulator";
				SUPPORTS_MACCATALYST = NO;
				SWIFT_EMIT_LOC_STRINGS = YES;
				SWIFT_VERSION = 5.0;
				TARGETED_DEVICE_FAMILY = 1;
			};
			name = Debug;
		};
		185388262B557CD8000BCC6A /* Release */ = {
			isa = XCBuildConfiguration;
			buildSettings = {
				ASSETCATALOG_COMPILER_APPICON_NAME = AppIcon;
				ASSETCATALOG_COMPILER_GLOBAL_ACCENT_COLOR_NAME = AccentColor;
				CODE_SIGN_STYLE = Automatic;
				CURRENT_PROJECT_VERSION = 1;
				GENERATE_INFOPLIST_FILE = YES;
				INFOPLIST_FILE = aviator/Info.plist;
				INFOPLIST_KEY_UIApplicationSupportsIndirectInputEvents = YES;
				INFOPLIST_KEY_UILaunchStoryboardName = LaunchScreen;
				INFOPLIST_KEY_UISupportedInterfaceOrientations = "UIInterfaceOrientationLandscapeLeft UIInterfaceOrientationLandscapeRight UIInterfaceOrientationPortrait";
				INFOPLIST_KEY_UISupportedInterfaceOrientations_iPad = "UIInterfaceOrientationLandscapeLeft UIInterfaceOrientationLandscapeRight UIInterfaceOrientationPortrait UIInterfaceOrientationPortraitUpsideDown";
				IPHONEOS_DEPLOYMENT_TARGET = 15.0;
				LD_RUNPATH_SEARCH_PATHS = (
					"$(inherited)",
					"@executable_path/Frameworks",
				);
				MARKETING_VERSION = 1.0;
				PRODUCT_BUNDLE_IDENTIFIER = tsarevichD.aviator;
				PRODUCT_NAME = "$(TARGET_NAME)";
				SUPPORTED_PLATFORMS = "iphoneos iphonesimulator";
				SUPPORTS_MACCATALYST = NO;
				SWIFT_EMIT_LOC_STRINGS = YES;
				SWIFT_VERSION = 5.0;
				TARGETED_DEVICE_FAMILY = 1;
			};
			name = Release;
		};
/* End XCBuildConfiguration section */

/* Begin XCConfigurationList section */
		1853880B2B557CD5000BCC6A /* Build configuration list for PBXProject "aviator" */ = {
			isa = XCConfigurationList;
			buildConfigurations = (
				185388222B557CD8000BCC6A /* Debug */,
				185388232B557CD8000BCC6A /* Release */,
			);
			defaultConfigurationIsVisible = 0;
			defaultConfigurationName = Release;
		};
		185388242B557CD8000BCC6A /* Build configuration list for PBXNativeTarget "aviator" */ = {
			isa = XCConfigurationList;
			buildConfigurations = (
				185388252B557CD8000BCC6A /* Debug */,
				185388262B557CD8000BCC6A /* Release */,
			);
			defaultConfigurationIsVisible = 0;
			defaultConfigurationName = Release;
		};
/* End XCConfigurationList section */

/* Begin XCRemoteSwiftPackageReference section */
		185388522B55833A000BCC6A /* XCRemoteSwiftPackageReference "SnapKit" */ = {
			isa = XCRemoteSwiftPackageReference;
			repositoryURL = "https://github.com/SnapKit/SnapKit.git";
			requirement = {
				kind = upToNextMajorVersion;
				minimumVersion = 5.7.0;
			};
		};
/* End XCRemoteSwiftPackageReference section */

/* Begin XCSwiftPackageProductDependency section */
		185388532B55833A000BCC6A /* SnapKit */ = {
			isa = XCSwiftPackageProductDependency;
			package = 185388522B55833A000BCC6A /* XCRemoteSwiftPackageReference "SnapKit" */;
			productName = SnapKit;
		};
/* End XCSwiftPackageProductDependency section */
	};
	rootObject = 185388082B557CD5000BCC6A /* Project object */;
}
